
Microsoft Visual Studio Solution File, Format Version 12.00
# Visual Studio Version 17
VisualStudioVersion = 17.0.31903.59
MinimumVisualStudioVersion = 10.0.40219.1
Project("{FAE04EC0-301F-11D3-BF4B-00C04F79EFBC}") = "TeamsManager.Application", "TeamsManager.Application\TeamsManager.Application.csproj", "{D54486DE-535E-4660-A4D3-F59ADC1AFA02}"
EndProject
Project("{FAE04EC0-301F-11D3-BF4B-00C04F79EFBC}") = "TeamsManager.Test", "TeamsManager.Test\TeamsManager.Test.csproj", "{099F6B4F-FF2C-4D3A-9114-F7CC40A2D19B}"
EndProject
Global
	GlobalSection(SolutionConfigurationPlatforms) = preSolution
		Debug|Any CPU = Debug|Any CPU
		Release|Any CPU = Release|Any CPU
	EndGlobalSection
	GlobalSection(SolutionProperties) = preSolution
		HideSolutionNode = FALSE
	EndGlobalSection
	GlobalSection(ProjectConfigurationPlatforms) = postSolution
		{D54486DE-535E-4660-A4D3-F59ADC1AFA02}.Debug|Any CPU.ActiveCfg = Debug|Any CPU
		{D54486DE-535E-4660-A4D3-F59ADC1AFA02}.Debug|Any CPU.Build.0 = Debug|Any CPU
		{D54486DE-535E-4660-A4D3-F59ADC1AFA02}.Release|Any CPU.ActiveCfg = Release|Any CPU
		{D54486DE-535E-4660-A4D3-F59ADC1AFA02}.Release|Any CPU.Build.0 = Release|Any CPU
		{099F6B4F-FF2C-4D3A-9114-F7CC40A2D19B}.Debug|Any CPU.ActiveCfg = Debug|Any CPU
		{099F6B4F-FF2C-4D3A-9114-F7CC40A2D19B}.Debug|Any CPU.Build.0 = Debug|Any CPU
		{099F6B4F-FF2C-4D3A-9114-F7CC40A2D19B}.Release|Any CPU.ActiveCfg = Release|Any CPU
		{099F6B4F-FF2C-4D3A-9114-F7CC40A2D19B}.Release|Any CPU.Build.0 = Release|Any CPU
	EndGlobalSection
EndGlobal
